
Microsoft Visual Studio Solution File, Format Version 12.00
# Visual Studio Version 17
VisualStudioVersion = 17.2.32516.85
MinimumVisualStudioVersion = 10.0.40219.1
Project("{FAE04EC0-301F-11D3-BF4B-00C04F79EFBC}") = "LibWorkingDemo", "LibWorkingDemo\LibWorkingDemo.csproj", "{9EA6281F-DC62-4D1F-A70C-361BB54DC0EA}"
EndProject
Project("{FAE04EC0-301F-11D3-BF4B-00C04F79EFBC}") = "AgeLimiterLibrary", "AgeLimiterLibrary\AgeLimiterLibrary.csproj", "{D43BBFF2-28EC-4885-A7DA-0A6A2750E528}"
EndProject
Global
	GlobalSection(SolutionConfigurationPlatforms) = preSolution
		Debug|Any CPU = Debug|Any CPU
		Release|Any CPU = Release|Any CPU
	EndGlobalSection
	GlobalSection(ProjectConfigurationPlatforms) = postSolution
		{9EA6281F-DC62-4D1F-A70C-361BB54DC0EA}.Debug|Any CPU.ActiveCfg = Debug|Any CPU
		{9EA6281F-DC62-4D1F-A70C-361BB54DC0EA}.Debug|Any CPU.Build.0 = Debug|Any CPU
		{9EA6281F-DC62-4D1F-A70C-361BB54DC0EA}.Release|Any CPU.ActiveCfg = Release|Any CPU
		{9EA6281F-DC62-4D1F-A70C-361BB54DC0EA}.Release|Any CPU.Build.0 = Release|Any CPU
		{D43BBFF2-28EC-4885-A7DA-0A6A2750E528}.Debug|Any CPU.ActiveCfg = Debug|Any CPU
		{D43BBFF2-28EC-4885-A7DA-0A6A2750E528}.Debug|Any CPU.Build.0 = Debug|Any CPU
		{D43BBFF2-28EC-4885-A7DA-0A6A2750E528}.Release|Any CPU.ActiveCfg = Release|Any CPU
		{D43BBFF2-28EC-4885-A7DA-0A6A2750E528}.Release|Any CPU.Build.0 = Release|Any CPU
	EndGlobalSection
	GlobalSection(SolutionProperties) = preSolution
		HideSolutionNode = FALSE
	EndGlobalSection
	GlobalSection(ExtensibilityGlobals) = postSolution
		SolutionGuid = {611ED322-5E86-49FF-BFF8-BCFDBB40E6F7}
	EndGlobalSection
EndGlobal
